
Microsoft Visual Studio Solution File, Format Version 12.00
# Visual Studio Version 17
VisualStudioVersion = 17.9.34607.119
MinimumVisualStudioVersion = 10.0.40219.1
Project("{9A19103F-16F7-4668-BE54-9A1E7A4F7556}") = "WpfSchoolPaper", "WpfSchoolPaper\WpfSchoolPaper.csproj", "{62CA8D61-5EF6-4FED-ABF1-860A97565CEE}"
EndProject
Project("{9A19103F-16F7-4668-BE54-9A1E7A4F7556}") = "Inditas", "Inditas\Inditas.csproj", "{6AF05D6C-E80E-439E-AE16-AAD413BA8B28}"
EndProject
Global
	GlobalSection(SolutionConfigurationPlatforms) = preSolution
		Debug|Any CPU = Debug|Any CPU
		Release|Any CPU = Release|Any CPU
	EndGlobalSection
	GlobalSection(ProjectConfigurationPlatforms) = postSolution
		{62CA8D61-5EF6-4FED-ABF1-860A97565CEE}.Debug|Any CPU.ActiveCfg = Debug|Any CPU
		{62CA8D61-5EF6-4FED-ABF1-860A97565CEE}.Debug|Any CPU.Build.0 = Debug|Any CPU
		{62CA8D61-5EF6-4FED-ABF1-860A97565CEE}.Release|Any CPU.ActiveCfg = Release|Any CPU
		{62CA8D61-5EF6-4FED-ABF1-860A97565CEE}.Release|Any CPU.Build.0 = Release|Any CPU
		{6AF05D6C-E80E-439E-AE16-AAD413BA8B28}.Debug|Any CPU.ActiveCfg = Debug|Any CPU
		{6AF05D6C-E80E-439E-AE16-AAD413BA8B28}.Debug|Any CPU.Build.0 = Debug|Any CPU
		{6AF05D6C-E80E-439E-AE16-AAD413BA8B28}.Release|Any CPU.ActiveCfg = Release|Any CPU
		{6AF05D6C-E80E-439E-AE16-AAD413BA8B28}.Release|Any CPU.Build.0 = Release|Any CPU
	EndGlobalSection
	GlobalSection(SolutionProperties) = preSolution
		HideSolutionNode = FALSE
	EndGlobalSection
	GlobalSection(ExtensibilityGlobals) = postSolution
		SolutionGuid = {16257D47-E342-4C12-80F7-6DB4376FB1CF}
	EndGlobalSection
EndGlobal
